
Microsoft Visual Studio Solution File, Format Version 12.00
# Visual Studio Version 17
VisualStudioVersion = 17.0.31903.59
MinimumVisualStudioVersion = 10.0.40219.1
Project("{2150E333-8FDC-42A3-9474-1A3956D46DE8}") = "src", "src", "{827E0CD3-B72D-47B6-A68D-7590B98EB39B}"
EndProject
Project("{FAE04EC0-301F-11D3-BF4B-00C04F79EFBC}") = "SaoAuto.App", "src\SaoAuto.App\SaoAuto.App.csproj", "{2B700C91-DAC1-4946-ADD4-FB3739796549}"
EndProject
Project("{FAE04EC0-301F-11D3-BF4B-00C04F79EFBC}") = "SaoAuto.Core", "src\SaoAuto.Core\SaoAuto.Core.csproj", "{3278E663-CD98-4452-9E93-3EA1E58B0C00}"
EndProject
Project("{FAE04EC0-301F-11D3-BF4B-00C04F79EFBC}") = "SaoAuto.Proto", "src\SaoAuto.Proto\SaoAuto.Proto.csproj", "{83F0FD54-0E68-40A3-B856-C5CE893F0783}"
EndProject
Project("{FAE04EC0-301F-11D3-BF4B-00C04F79EFBC}") = "SaoAuto.Overlay", "src\SaoAuto.Overlay\SaoAuto.Overlay.csproj", "{9661C3EE-F5D3-48EC-B0AE-BB1937B8D3D7}"
EndProject
Project("{FAE04EC0-301F-11D3-BF4B-00C04F79EFBC}") = "SaoAuto.UpdateHost", "src\SaoAuto.UpdateHost\SaoAuto.UpdateHost.csproj", "{1702C0FF-1875-485D-9C88-C185B057A89C}"
EndProject
Project("{2150E333-8FDC-42A3-9474-1A3956D46DE8}") = "tests", "tests", "{0AB3BF05-4346-4AA6-1389-037BE0695223}"
EndProject
Project("{FAE04EC0-301F-11D3-BF4B-00C04F79EFBC}") = "SaoAuto.Tests", "tests\SaoAuto.Tests\SaoAuto.Tests.csproj", "{FCC46773-B28C-4E43-8462-276791E2217B}"
EndProject
Project("{FAE04EC0-301F-11D3-BF4B-00C04F79EFBC}") = "SaoAuto.ParityTests", "tests\SaoAuto.ParityTests\SaoAuto.ParityTests.csproj", "{553D6C8E-C964-4F79-8007-EB3E7B3F804D}"
EndProject
Project("{FAE04EC0-301F-11D3-BF4B-00C04F79EFBC}") = "SaoAuto.MemProbe", "src\SaoAuto.MemProbe\SaoAuto.MemProbe.csproj", "{FCF03569-B208-4766-B564-E491A11DB6AA}"
EndProject
Project("{FAE04EC0-301F-11D3-BF4B-00C04F79EFBC}") = "SaoAuto.UpdateApply", "src\SaoAuto.UpdateApply\SaoAuto.UpdateApply.csproj", "{13255AE3-3C3E-46B8-8A4D-79C39BAED858}"
EndProject
Project("{FAE04EC0-301F-11D3-BF4B-00C04F79EFBC}") = "SaoAuto.DevPublish", "src\SaoAuto.DevPublish\SaoAuto.DevPublish.csproj", "{63D84AC4-7718-445B-8317-2F7B809B64CE}"
EndProject
Project("{2150E333-8FDC-42A3-9474-1A3956D46DE8}") = "tools", "tools", "{07C2787E-EAC7-C090-1BA3-A61EC2A24D84}"
EndProject
Project("{2150E333-8FDC-42A3-9474-1A3956D46DE8}") = "benchmarks", "benchmarks", "{40526033-4554-0EB1-82EC-3505E594C264}"
EndProject
Project("{FAE04EC0-301F-11D3-BF4B-00C04F79EFBC}") = "SaoAuto.Benchmarks", "tools\benchmarks\SaoAuto.Benchmarks.csproj", "{9AE92BB7-4951-46B8-B619-885D1FB4A3EF}"
EndProject
Project("{FAE04EC0-301F-11D3-BF4B-00C04F79EFBC}") = "SaoAuto.IntegrationTests", "tests\SaoAuto.IntegrationTests\SaoAuto.IntegrationTests.csproj", "{4D821734-2514-4DDE-9E12-114BA572C385}"
EndProject
Global
	GlobalSection(SolutionConfigurationPlatforms) = preSolution
		Debug|Any CPU = Debug|Any CPU
		Debug|x64 = Debug|x64
		Debug|x86 = Debug|x86
		Release|Any CPU = Release|Any CPU
		Release|x64 = Release|x64
		Release|x86 = Release|x86
	EndGlobalSection
	GlobalSection(ProjectConfigurationPlatforms) = postSolution
		{2B700C91-DAC1-4946-ADD4-FB3739796549}.Debug|Any CPU.ActiveCfg = Debug|Any CPU
		{2B700C91-DAC1-4946-ADD4-FB3739796549}.Debug|Any CPU.Build.0 = Debug|Any CPU
		{2B700C91-DAC1-4946-ADD4-FB3739796549}.Debug|x64.ActiveCfg = Debug|Any CPU
		{2B700C91-DAC1-4946-ADD4-FB3739796549}.Debug|x64.Build.0 = Debug|Any CPU
		{2B700C91-DAC1-4946-ADD4-FB3739796549}.Debug|x86.ActiveCfg = Debug|Any CPU
		{2B700C91-DAC1-4946-ADD4-FB3739796549}.Debug|x86.Build.0 = Debug|Any CPU
		{2B700C91-DAC1-4946-ADD4-FB3739796549}.Release|Any CPU.ActiveCfg = Release|Any CPU
		{2B700C91-DAC1-4946-ADD4-FB3739796549}.Release|Any CPU.Build.0 = Release|Any CPU
		{2B700C91-DAC1-4946-ADD4-FB3739796549}.Release|x64.ActiveCfg = Release|Any CPU
		{2B700C91-DAC1-4946-ADD4-FB3739796549}.Release|x64.Build.0 = Release|Any CPU
		{2B700C91-DAC1-4946-ADD4-FB3739796549}.Release|x86.ActiveCfg = Release|Any CPU
		{2B700C91-DAC1-4946-ADD4-FB3739796549}.Release|x86.Build.0 = Release|Any CPU
		{3278E663-CD98-4452-9E93-3EA1E58B0C00}.Debug|Any CPU.ActiveCfg = Debug|Any CPU
		{3278E663-CD98-4452-9E93-3EA1E58B0C00}.Debug|Any CPU.Build.0 = Debug|Any CPU
		{3278E663-CD98-4452-9E93-3EA1E58B0C00}.Debug|x64.ActiveCfg = Debug|Any CPU
		{3278E663-CD98-4452-9E93-3EA1E58B0C00}.Debug|x64.Build.0 = Debug|Any CPU
		{3278E663-CD98-4452-9E93-3EA1E58B0C00}.Debug|x86.ActiveCfg = Debug|Any CPU
		{3278E663-CD98-4452-9E93-3EA1E58B0C00}.Debug|x86.Build.0 = Debug|Any CPU
		{3278E663-CD98-4452-9E93-3EA1E58B0C00}.Release|Any CPU.ActiveCfg = Release|Any CPU
		{3278E663-CD98-4452-9E93-3EA1E58B0C00}.Release|Any CPU.Build.0 = Release|Any CPU
		{3278E663-CD98-4452-9E93-3EA1E58B0C00}.Release|x64.ActiveCfg = Release|Any CPU
		{3278E663-CD98-4452-9E93-3EA1E58B0C00}.Release|x64.Build.0 = Release|Any CPU
		{3278E663-CD98-4452-9E93-3EA1E58B0C00}.Release|x86.ActiveCfg = Release|Any CPU
		{3278E663-CD98-4452-9E93-3EA1E58B0C00}.Release|x86.Build.0 = Release|Any CPU
		{83F0FD54-0E68-40A3-B856-C5CE893F0783}.Debug|Any CPU.ActiveCfg = Debug|Any CPU
		{83F0FD54-0E68-40A3-B856-C5CE893F0783}.Debug|Any CPU.Build.0 = Debug|Any CPU
		{83F0FD54-0E68-40A3-B856-C5CE893F0783}.Debug|x64.ActiveCfg = Debug|Any CPU
		{83F0FD54-0E68-40A3-B856-C5CE893F0783}.Debug|x64.Build.0 = Debug|Any CPU
		{83F0FD54-0E68-40A3-B856-C5CE893F0783}.Debug|x86.ActiveCfg = Debug|Any CPU
		{83F0FD54-0E68-40A3-B856-C5CE893F0783}.Debug|x86.Build.0 = Debug|Any CPU
		{83F0FD54-0E68-40A3-B856-C5CE893F0783}.Release|Any CPU.ActiveCfg = Release|Any CPU
		{83F0FD54-0E68-40A3-B856-C5CE893F0783}.Release|Any CPU.Build.0 = Release|Any CPU
		{83F0FD54-0E68-40A3-B856-C5CE893F0783}.Release|x64.ActiveCfg = Release|Any CPU
		{83F0FD54-0E68-40A3-B856-C5CE893F0783}.Release|x64.Build.0 = Release|Any CPU
		{83F0FD54-0E68-40A3-B856-C5CE893F0783}.Release|x86.ActiveCfg = Release|Any CPU
		{83F0FD54-0E68-40A3-B856-C5CE893F0783}.Release|x86.Build.0 = Release|Any CPU
		{9661C3EE-F5D3-48EC-B0AE-BB1937B8D3D7}.Debug|Any CPU.ActiveCfg = Debug|Any CPU
		{9661C3EE-F5D3-48EC-B0AE-BB1937B8D3D7}.Debug|Any CPU.Build.0 = Debug|Any CPU
		{9661C3EE-F5D3-48EC-B0AE-BB1937B8D3D7}.Debug|x64.ActiveCfg = Debug|Any CPU
		{9661C3EE-F5D3-48EC-B0AE-BB1937B8D3D7}.Debug|x64.Build.0 = Debug|Any CPU
		{9661C3EE-F5D3-48EC-B0AE-BB1937B8D3D7}.Debug|x86.ActiveCfg = Debug|Any CPU
		{9661C3EE-F5D3-48EC-B0AE-BB1937B8D3D7}.Debug|x86.Build.0 = Debug|Any CPU
		{9661C3EE-F5D3-48EC-B0AE-BB1937B8D3D7}.Release|Any CPU.ActiveCfg = Release|Any CPU
		{9661C3EE-F5D3-48EC-B0AE-BB1937B8D3D7}.Release|Any CPU.Build.0 = Release|Any CPU
		{9661C3EE-F5D3-48EC-B0AE-BB1937B8D3D7}.Release|x64.ActiveCfg = Release|Any CPU
		{9661C3EE-F5D3-48EC-B0AE-BB1937B8D3D7}.Release|x64.Build.0 = Release|Any CPU
		{9661C3EE-F5D3-48EC-B0AE-BB1937B8D3D7}.Release|x86.ActiveCfg = Release|Any CPU
		{9661C3EE-F5D3-48EC-B0AE-BB1937B8D3D7}.Release|x86.Build.0 = Release|Any CPU
		{1702C0FF-1875-485D-9C88-C185B057A89C}.Debug|Any CPU.ActiveCfg = Debug|Any CPU
		{1702C0FF-1875-485D-9C88-C185B057A89C}.Debug|Any CPU.Build.0 = Debug|Any CPU
		{1702C0FF-1875-485D-9C88-C185B057A89C}.Debug|x64.ActiveCfg = Debug|Any CPU
		{1702C0FF-1875-485D-9C88-C185B057A89C}.Debug|x64.Build.0 = Debug|Any CPU
		{1702C0FF-1875-485D-9C88-C185B057A89C}.Debug|x86.ActiveCfg = Debug|Any CPU
		{1702C0FF-1875-485D-9C88-C185B057A89C}.Debug|x86.Build.0 = Debug|Any CPU
		{1702C0FF-1875-485D-9C88-C185B057A89C}.Release|Any CPU.ActiveCfg = Release|Any CPU
		{1702C0FF-1875-485D-9C88-C185B057A89C}.Release|Any CPU.Build.0 = Release|Any CPU
		{1702C0FF-1875-485D-9C88-C185B057A89C}.Release|x64.ActiveCfg = Release|Any CPU
		{1702C0FF-1875-485D-9C88-C185B057A89C}.Release|x64.Build.0 = Release|Any CPU
		{1702C0FF-1875-485D-9C88-C185B057A89C}.Release|x86.ActiveCfg = Release|Any CPU
		{1702C0FF-1875-485D-9C88-C185B057A89C}.Release|x86.Build.0 = Release|Any CPU
		{FCC46773-B28C-4E43-8462-276791E2217B}.Debug|Any CPU.ActiveCfg = Debug|Any CPU
		{FCC46773-B28C-4E43-8462-276791E2217B}.Debug|Any CPU.Build.0 = Debug|Any CPU
		{FCC46773-B28C-4E43-8462-276791E2217B}.Debug|x64.ActiveCfg = Debug|Any CPU
		{FCC46773-B28C-4E43-8462-276791E2217B}.Debug|x64.Build.0 = Debug|Any CPU
		{FCC46773-B28C-4E43-8462-276791E2217B}.Debug|x86.ActiveCfg = Debug|Any CPU
		{FCC46773-B28C-4E43-8462-276791E2217B}.Debug|x86.Build.0 = Debug|Any CPU
		{FCC46773-B28C-4E43-8462-276791E2217B}.Release|Any CPU.ActiveCfg = Release|Any CPU
		{FCC46773-B28C-4E43-8462-276791E2217B}.Release|Any CPU.Build.0 = Release|Any CPU
		{FCC46773-B28C-4E43-8462-276791E2217B}.Release|x64.ActiveCfg = Release|Any CPU
		{FCC46773-B28C-4E43-8462-276791E2217B}.Release|x64.Build.0 = Release|Any CPU
		{FCC46773-B28C-4E43-8462-276791E2217B}.Release|x86.ActiveCfg = Release|Any CPU
		{FCC46773-B28C-4E43-8462-276791E2217B}.Release|x86.Build.0 = Release|Any CPU
		{553D6C8E-C964-4F79-8007-EB3E7B3F804D}.Debug|Any CPU.ActiveCfg = Debug|Any CPU
		{553D6C8E-C964-4F79-8007-EB3E7B3F804D}.Debug|Any CPU.Build.0 = Debug|Any CPU
		{553D6C8E-C964-4F79-8007-EB3E7B3F804D}.Debug|x64.ActiveCfg = Debug|Any CPU
		{553D6C8E-C964-4F79-8007-EB3E7B3F804D}.Debug|x64.Build.0 = Debug|Any CPU
		{553D6C8E-C964-4F79-8007-EB3E7B3F804D}.Debug|x86.ActiveCfg = Debug|Any CPU
		{553D6C8E-C964-4F79-8007-EB3E7B3F804D}.Debug|x86.Build.0 = Debug|Any CPU
		{553D6C8E-C964-4F79-8007-EB3E7B3F804D}.Release|Any CPU.ActiveCfg = Release|Any CPU
		{553D6C8E-C964-4F79-8007-EB3E7B3F804D}.Release|Any CPU.Build.0 = Release|Any CPU
		{553D6C8E-C964-4F79-8007-EB3E7B3F804D}.Release|x64.ActiveCfg = Release|Any CPU
		{553D6C8E-C964-4F79-8007-EB3E7B3F804D}.Release|x64.Build.0 = Release|Any CPU
		{553D6C8E-C964-4F79-8007-EB3E7B3F804D}.Release|x86.ActiveCfg = Release|Any CPU
		{553D6C8E-C964-4F79-8007-EB3E7B3F804D}.Release|x86.Build.0 = Release|Any CPU
		{FCF03569-B208-4766-B564-E491A11DB6AA}.Debug|Any CPU.ActiveCfg = Debug|Any CPU
		{FCF03569-B208-4766-B564-E491A11DB6AA}.Debug|Any CPU.Build.0 = Debug|Any CPU
		{FCF03569-B208-4766-B564-E491A11DB6AA}.Debug|x64.ActiveCfg = Debug|Any CPU
		{FCF03569-B208-4766-B564-E491A11DB6AA}.Debug|x64.Build.0 = Debug|Any CPU
		{FCF03569-B208-4766-B564-E491A11DB6AA}.Debug|x86.ActiveCfg = Debug|Any CPU
		{FCF03569-B208-4766-B564-E491A11DB6AA}.Debug|x86.Build.0 = Debug|Any CPU
		{FCF03569-B208-4766-B564-E491A11DB6AA}.Release|Any CPU.ActiveCfg = Release|Any CPU
		{FCF03569-B208-4766-B564-E491A11DB6AA}.Release|Any CPU.Build.0 = Release|Any CPU
		{FCF03569-B208-4766-B564-E491A11DB6AA}.Release|x64.ActiveCfg = Release|Any CPU
		{FCF03569-B208-4766-B564-E491A11DB6AA}.Release|x64.Build.0 = Release|Any CPU
		{FCF03569-B208-4766-B564-E491A11DB6AA}.Release|x86.ActiveCfg = Release|Any CPU
		{FCF03569-B208-4766-B564-E491A11DB6AA}.Release|x86.Build.0 = Release|Any CPU
		{13255AE3-3C3E-46B8-8A4D-79C39BAED858}.Debug|Any CPU.ActiveCfg = Debug|Any CPU
		{13255AE3-3C3E-46B8-8A4D-79C39BAED858}.Debug|Any CPU.Build.0 = Debug|Any CPU
		{13255AE3-3C3E-46B8-8A4D-79C39BAED858}.Debug|x64.ActiveCfg = Debug|Any CPU
		{13255AE3-3C3E-46B8-8A4D-79C39BAED858}.Debug|x64.Build.0 = Debug|Any CPU
		{13255AE3-3C3E-46B8-8A4D-79C39BAED858}.Debug|x86.ActiveCfg = Debug|Any CPU
		{13255AE3-3C3E-46B8-8A4D-79C39BAED858}.Debug|x86.Build.0 = Debug|Any CPU
		{13255AE3-3C3E-46B8-8A4D-79C39BAED858}.Release|Any CPU.ActiveCfg = Release|Any CPU
		{13255AE3-3C3E-46B8-8A4D-79C39BAED858}.Release|Any CPU.Build.0 = Release|Any CPU
		{13255AE3-3C3E-46B8-8A4D-79C39BAED858}.Release|x64.ActiveCfg = Release|Any CPU
		{13255AE3-3C3E-46B8-8A4D-79C39BAED858}.Release|x64.Build.0 = Release|Any CPU
		{13255AE3-3C3E-46B8-8A4D-79C39BAED858}.Release|x86.ActiveCfg = Release|Any CPU
		{13255AE3-3C3E-46B8-8A4D-79C39BAED858}.Release|x86.Build.0 = Release|Any CPU
		{63D84AC4-7718-445B-8317-2F7B809B64CE}.Debug|Any CPU.ActiveCfg = Debug|Any CPU
		{63D84AC4-7718-445B-8317-2F7B809B64CE}.Debug|Any CPU.Build.0 = Debug|Any CPU
		{63D84AC4-7718-445B-8317-2F7B809B64CE}.Debug|x64.ActiveCfg = Debug|Any CPU
		{63D84AC4-7718-445B-8317-2F7B809B64CE}.Debug|x64.Build.0 = Debug|Any CPU
		{63D84AC4-7718-445B-8317-2F7B809B64CE}.Debug|x86.ActiveCfg = Debug|Any CPU
		{63D84AC4-7718-445B-8317-2F7B809B64CE}.Debug|x86.Build.0 = Debug|Any CPU
		{63D84AC4-7718-445B-8317-2F7B809B64CE}.Release|Any CPU.ActiveCfg = Release|Any CPU
		{63D84AC4-7718-445B-8317-2F7B809B64CE}.Release|Any CPU.Build.0 = Release|Any CPU
		{63D84AC4-7718-445B-8317-2F7B809B64CE}.Release|x64.ActiveCfg = Release|Any CPU
		{63D84AC4-7718-445B-8317-2F7B809B64CE}.Release|x64.Build.0 = Release|Any CPU
		{63D84AC4-7718-445B-8317-2F7B809B64CE}.Release|x86.ActiveCfg = Release|Any CPU
		{63D84AC4-7718-445B-8317-2F7B809B64CE}.Release|x86.Build.0 = Release|Any CPU
		{9AE92BB7-4951-46B8-B619-885D1FB4A3EF}.Debug|Any CPU.ActiveCfg = Debug|Any CPU
		{9AE92BB7-4951-46B8-B619-885D1FB4A3EF}.Debug|Any CPU.Build.0 = Debug|Any CPU
		{9AE92BB7-4951-46B8-B619-885D1FB4A3EF}.Debug|x64.ActiveCfg = Debug|Any CPU
		{9AE92BB7-4951-46B8-B619-885D1FB4A3EF}.Debug|x64.Build.0 = Debug|Any CPU
		{9AE92BB7-4951-46B8-B619-885D1FB4A3EF}.Debug|x86.ActiveCfg = Debug|Any CPU
		{9AE92BB7-4951-46B8-B619-885D1FB4A3EF}.Debug|x86.Build.0 = Debug|Any CPU
		{9AE92BB7-4951-46B8-B619-885D1FB4A3EF}.Release|Any CPU.ActiveCfg = Release|Any CPU
		{9AE92BB7-4951-46B8-B619-885D1FB4A3EF}.Release|Any CPU.Build.0 = Release|Any CPU
		{9AE92BB7-4951-46B8-B619-885D1FB4A3EF}.Release|x64.ActiveCfg = Release|Any CPU
		{9AE92BB7-4951-46B8-B619-885D1FB4A3EF}.Release|x64.Build.0 = Release|Any CPU
		{9AE92BB7-4951-46B8-B619-885D1FB4A3EF}.Release|x86.ActiveCfg = Release|Any CPU
		{9AE92BB7-4951-46B8-B619-885D1FB4A3EF}.Release|x86.Build.0 = Release|Any CPU
		{4D821734-2514-4DDE-9E12-114BA572C385}.Debug|Any CPU.ActiveCfg = Debug|Any CPU
		{4D821734-2514-4DDE-9E12-114BA572C385}.Debug|Any CPU.Build.0 = Debug|Any CPU
		{4D821734-2514-4DDE-9E12-114BA572C385}.Debug|x64.ActiveCfg = Debug|Any CPU
		{4D821734-2514-4DDE-9E12-114BA572C385}.Debug|x64.Build.0 = Debug|Any CPU
		{4D821734-2514-4DDE-9E12-114BA572C385}.Debug|x86.ActiveCfg = Debug|Any CPU
		{4D821734-2514-4DDE-9E12-114BA572C385}.Debug|x86.Build.0 = Debug|Any CPU
		{4D821734-2514-4DDE-9E12-114BA572C385}.Release|Any CPU.ActiveCfg = Release|Any CPU
		{4D821734-2514-4DDE-9E12-114BA572C385}.Release|Any CPU.Build.0 = Release|Any CPU
		{4D821734-2514-4DDE-9E12-114BA572C385}.Release|x64.ActiveCfg = Release|Any CPU
		{4D821734-2514-4DDE-9E12-114BA572C385}.Release|x64.Build.0 = Release|Any CPU
		{4D821734-2514-4DDE-9E12-114BA572C385}.Release|x86.ActiveCfg = Release|Any CPU
		{4D821734-2514-4DDE-9E12-114BA572C385}.Release|x86.Build.0 = Release|Any CPU
	EndGlobalSection
	GlobalSection(SolutionProperties) = preSolution
		HideSolutionNode = FALSE
	EndGlobalSection
	GlobalSection(NestedProjects) = preSolution
		{2B700C91-DAC1-4946-ADD4-FB3739796549} = {827E0CD3-B72D-47B6-A68D-7590B98EB39B}
		{3278E663-CD98-4452-9E93-3EA1E58B0C00} = {827E0CD3-B72D-47B6-A68D-7590B98EB39B}
		{83F0FD54-0E68-40A3-B856-C5CE893F0783} = {827E0CD3-B72D-47B6-A68D-7590B98EB39B}
		{9661C3EE-F5D3-48EC-B0AE-BB1937B8D3D7} = {827E0CD3-B72D-47B6-A68D-7590B98EB39B}
		{1702C0FF-1875-485D-9C88-C185B057A89C} = {827E0CD3-B72D-47B6-A68D-7590B98EB39B}
		{FCC46773-B28C-4E43-8462-276791E2217B} = {0AB3BF05-4346-4AA6-1389-037BE0695223}
		{553D6C8E-C964-4F79-8007-EB3E7B3F804D} = {0AB3BF05-4346-4AA6-1389-037BE0695223}
		{FCF03569-B208-4766-B564-E491A11DB6AA} = {827E0CD3-B72D-47B6-A68D-7590B98EB39B}
		{13255AE3-3C3E-46B8-8A4D-79C39BAED858} = {827E0CD3-B72D-47B6-A68D-7590B98EB39B}
		{63D84AC4-7718-445B-8317-2F7B809B64CE} = {827E0CD3-B72D-47B6-A68D-7590B98EB39B}
		{40526033-4554-0EB1-82EC-3505E594C264} = {07C2787E-EAC7-C090-1BA3-A61EC2A24D84}
		{9AE92BB7-4951-46B8-B619-885D1FB4A3EF} = {40526033-4554-0EB1-82EC-3505E594C264}
		{4D821734-2514-4DDE-9E12-114BA572C385} = {0AB3BF05-4346-4AA6-1389-037BE0695223}
	EndGlobalSection
EndGlobal
